{
  "name": "funcscript-node-example",
  "version": "0.1.0",
  "lockfileVersion": 3,
  "requires": true,
  "packages": {
    "": {
      "name": "funcscript-node-example",
      "version": "0.1.0",
      "dependencies": {
        "funcscript": "file:../../fs-js"
      },
      "bin": {
        "funcscript-node-example": "index.js"
      }
    },
    "../../fs-js": {
      "name": "funcscript",
      "version": "0.1.0",
      "license": "MIT",
      "engines": {
        "node": ">=18"
      }
    },
    "node_modules/funcscript": {
      "resolved": "../../fs-js",
      "link": true
    }
  }
}
