{
  "name": "funcscript-node-example",
  "version": "0.1.0",
  "lockfileVersion": 3,
  "requires": true,
  "packages": {
    "": {
      "name": "funcscript-node-example",
      "version": "0.1.0",
      "dependencies": {
        "@tewelde/funcscript": "^0.1.3"
      },
      "bin": {
        "funcscript-node-example": "index.js"
      }
    },
    "node_modules/@tewelde/funcscript": {
      "version": "0.1.3",
      "resolved": "https://registry.npmjs.org/@tewelde/funcscript/-/funcscript-0.1.3.tgz",
      "integrity": "sha512-TX/WOllZAea64Qse95oSN7ViFVWmg/4RTney/uuDn7idnx8zW5BkFQJm6DAI6SLu8/yY3b1oMJE7OmnqRnA5yw==",
      "license": "MIT",
      "engines": {
        "node": ">=18"
      }
    }
  }
}
