{
  "name": "walya-node-example",
  "version": "0.1.0",
  "lockfileVersion": 3,
  "requires": true,
  "packages": {
    "": {
      "name": "walya-node-example",
      "version": "0.1.0",
      "dependencies": {
        "@tewelde/walya": "file:../../walya-js"
      },
      "bin": {
        "walya-node-example": "index.js"
      }
    },
    "../../walya-js": {
      "name": "@tewelde/walya",
      "version": "0.1.1",
      "license": "MIT",
      "engines": {
        "node": ">=18"
      }
    },
    "node_modules/@tewelde/walya": {
      "resolved": "../../walya-js",
      "link": true
    }
  }
}
